{
  "requires": true,
  "lockfileVersion": 1,
  "dependencies": {
    "@unimodules/core": {
      "version": "5.5.1",
      "resolved": "https://registry.npmjs.org/@unimodules/core/-/core-5.5.1.tgz",
      "integrity": "sha512-4OADQJqQ52TsCzfK+xUGWjt3zZADYxRvBZe8JXrnx2qGMXhFFUUn2JMEZT3nDt4QwtM+rIp9BsrQCMIPlXCOHg==",
      "requires": {
        "compare-versions": "^3.4.0"
      }
    },
    "@unimodules/react-native-adapter": {
      "version": "5.6.0",
      "resolved": "https://registry.npmjs.org/@unimodules/react-native-adapter/-/react-native-adapter-5.6.0.tgz",
      "integrity": "sha512-X2bkueyzCw8QXyzCOD68uLurI4XFnzZzVtbRGiEgbd/x+JbyVhN0VqsOXXApfolh1vtO+KVj0rfQsYT1+nKp/A==",
      "requires": {
        "invariant": "^2.2.4",
        "lodash": "^4.5.0"
      }
    },
    "ansi-styles": {
      "version": "3.2.1",
      "resolved": "https://registry.npmjs.org/ansi-styles/-/ansi-styles-3.2.1.tgz",
      "integrity": "sha512-VT0ZI6kZRdTh8YyJw3SMbYm/u+NqfsAxEpWO0Pf9sq8/e94WxxOpPKx9FR1FlyCtOVDNOQ+8ntlqFxiRc+r5qA==",
      "requires": {
        "color-convert": "^1.9.0"
      }
    },
    "asap": {
      "version": "2.0.6",
      "resolved": "https://registry.npmjs.org/asap/-/asap-2.0.6.tgz",
      "integrity": "sha1-5QNHYR1+aQlDIIu9r+vLwvuGbUY="
    },
    "blueimp-md5": {
      "version": "2.18.0",
      "resolved": "https://registry.npmjs.org/blueimp-md5/-/blueimp-md5-2.18.0.tgz",
      "integrity": "sha512-vE52okJvzsVWhcgUHOv+69OG3Mdg151xyn41aVQN/5W5S+S43qZhxECtYLAEHMSFWX6Mv5IZrzj3T5+JqXfj5Q=="
    },
    "buffer-alloc": {
      "version": "1.2.0",
      "resolved": "https://registry.npmjs.org/buffer-alloc/-/buffer-alloc-1.2.0.tgz",
      "integrity": "sha512-CFsHQgjtW1UChdXgbyJGtnm+O/uLQeZdtbDo8mfUgYXCHSM1wgrVxXm6bSyrUuErEb+4sYVGCzASBRot7zyrow==",
      "requires": {
        "buffer-alloc-unsafe": "^1.1.0",
        "buffer-fill": "^1.0.0"
      }
    },
    "buffer-alloc-unsafe": {
      "version": "1.1.0",
      "resolved": "https://registry.npmjs.org/buffer-alloc-unsafe/-/buffer-alloc-unsafe-1.1.0.tgz",
      "integrity": "sha512-TEM2iMIEQdJ2yjPJoSIsldnleVaAk1oW3DBVUykyOLsEsFmEc9kn+SFFPz+gl54KQNxlDnAwCXosOS9Okx2xAg=="
    },
    "buffer-fill": {
      "version": "1.0.0",
      "resolved": "https://registry.npmjs.org/buffer-fill/-/buffer-fill-1.0.0.tgz",
      "integrity": "sha1-+PeLdniYiO858gXNY39o5wISKyw="
    },
    "chalk": {
      "version": "2.4.2",
      "resolved": "https://registry.npmjs.org/chalk/-/chalk-2.4.2.tgz",
      "integrity": "sha512-Mti+f9lpJNcwF4tWV8/OrTTtF1gZi+f8FqlyAdouralcFWFQWF2+NgCHShjkCb+IFBLq9buZwE1xckQU4peSuQ==",
      "requires": {
        "ansi-styles": "^3.2.1",
        "escape-string-regexp": "^1.0.5",
        "supports-color": "^5.3.0"
      }
    },
    "color-convert": {
      "version": "1.9.3",
      "resolved": "https://registry.npmjs.org/color-convert/-/color-convert-1.9.3.tgz",
      "integrity": "sha512-QfAUtd+vFdAtFQcC8CCyYt1fYWxSqAiK2cSD6zDB8N3cpsEBAvRxp9zOGg6G/SHHJYAT88/az/IuDGALsNVbGg==",
      "requires": {
        "color-name": "1.1.3"
      }
    },
    "color-name": {
      "version": "1.1.3",
      "resolved": "https://registry.npmjs.org/color-name/-/color-name-1.1.3.tgz",
      "integrity": "sha1-p9BVi9icQveV3UIyj3QIMcpTvCU="
    },
    "compare-versions": {
      "version": "3.6.0",
      "resolved": "https://registry.npmjs.org/compare-versions/-/compare-versions-3.6.0.tgz",
      "integrity": "sha512-W6Af2Iw1z4CB7q4uU4hv646dW9GQuBM+YpC0UvUCWSD8w90SJjp+ujJuXaEMtAXBtSqGfMPuFOVn4/+FlaqfBA=="
    },
    "core-js": {
      "version": "2.6.11",
      "resolved": "https://registry.npmjs.org/core-js/-/core-js-2.6.11.tgz",
      "integrity": "sha512-5wjnpaT/3dV+XB4borEsnAYQchn00XSgTAWKDkEqv+K8KevjbzmofK6hfJ9TZIlpj2N0xQpazy7PiRQiWHqzWg=="
    },
    "encoding": {
      "version": "0.1.13",
      "resolved": "https://registry.npmjs.org/encoding/-/encoding-0.1.13.tgz",
      "integrity": "sha512-ETBauow1T35Y/WZMkio9jiM0Z5xjHHmJ4XmjZOq1l/dXz3lr2sRn87nJy20RupqSh1F2m3HHPSp8ShIPQJrJ3A==",
      "requires": {
        "iconv-lite": "^0.6.2"
      }
    },
    "escape-string-regexp": {
      "version": "1.0.5",
      "resolved": "https://registry.npmjs.org/escape-string-regexp/-/escape-string-regexp-1.0.5.tgz",
      "integrity": "sha1-G2HAViGQqN/2rjuyzwIAyhMLhtQ="
    },
    "expo-asset": {
      "version": "8.2.0",
      "resolved": "https://registry.npmjs.org/expo-asset/-/expo-asset-8.2.0.tgz",
      "integrity": "sha512-Z4D8jcN19GJ/pCqm6slP+Yhao1TP1RkSK/NIHpMKlkz36aqSh0V58J97zvwb1WdkYef5evAzj2uDGpH/VwLOdQ==",
      "requires": {
        "blueimp-md5": "^2.10.0",
        "invariant": "^2.2.4",
        "md5-file": "^3.2.3",
        "path-browserify": "^1.0.0",
        "url-parse": "^1.4.4"
      }
    },
    "expo-constants": {
      "version": "9.2.0",
      "resolved": "https://registry.npmjs.org/expo-constants/-/expo-constants-9.2.0.tgz",
      "integrity": "sha512-WKwiEMvBgPrEPEyZKm21UUB2KWQux9OCWf6ZDORLTln7kO3rsbaJEprfWUWTP7AxyaLMYfN+/0WFHjZc25SZWQ==",
      "requires": {
        "fbjs": "1.0.0",
        "uuid": "^3.3.2"
      }
    },
    "expo-file-system": {
      "version": "9.2.0",
      "resolved": "https://registry.npmjs.org/expo-file-system/-/expo-file-system-9.2.0.tgz",
      "integrity": "sha512-GsDf+E6e1WyYqyUiXbcWthLk7oVO+WDticnHUGAzb17hVCgxJhlUbRriwY3kBkQAX1mr+Hq9lkgJPIRbV197Fw==",
      "requires": {
        "uuid": "^3.4.0"
      }
    },
    "expo-image-loader": {
      "version": "1.2.0",
      "resolved": "https://registry.npmjs.org/expo-image-loader/-/expo-image-loader-1.2.0.tgz",
      "integrity": "sha512-cftM8EonIPD4Tjydr5aFpFM1/GsNoIC79YV+ulVR3Zfn3RYcR4whwDcmzFCPuVFEO1Df4oBfEbdXfqlk96DR5Q=="
    },
    "expo-permissions": {
      "version": "9.3.0",
      "resolved": "https://registry.npmjs.org/expo-permissions/-/expo-permissions-9.3.0.tgz",
      "integrity": "sha512-ylSJZVvEGJVFTKsFrUL2S6gCvFt+/o8TJ3xT4WaMjHe2/2Z7R8ng6NR47Kt54t7XBIV/SZ7DIY9uRiR7TPuNYA=="
    },
    "fbjs": {
      "version": "1.0.0",
      "resolved": "https://registry.npmjs.org/fbjs/-/fbjs-1.0.0.tgz",
      "integrity": "sha512-MUgcMEJaFhCaF1QtWGnmq9ZDRAzECTCRAF7O6UZIlAlkTs1SasiX9aP0Iw7wfD2mJ7wDTNfg2w7u5fSCwJk1OA==",
      "requires": {
        "core-js": "^2.4.1",
        "fbjs-css-vars": "^1.0.0",
        "isomorphic-fetch": "^2.1.1",
        "loose-envify": "^1.0.0",
        "object-assign": "^4.1.0",
        "promise": "^7.1.1",
        "setimmediate": "^1.0.5",
        "ua-parser-js": "^0.7.18"
      }
    },
    "fbjs-css-vars": {
      "version": "1.0.2",
      "resolved": "https://registry.npmjs.org/fbjs-css-vars/-/fbjs-css-vars-1.0.2.tgz",
      "integrity": "sha512-b2XGFAFdWZWg0phtAWLHCk836A1Xann+I+Dgd3Gk64MHKZO44FfoD1KxyvbSh0qZsIoXQGGlVztIY+oitJPpRQ=="
    },
    "has-flag": {
      "version": "3.0.0",
      "resolved": "https://registry.npmjs.org/has-flag/-/has-flag-3.0.0.tgz",
      "integrity": "sha1-tdRU3CGZriJWmfNGfloH87lVuv0="
    },
    "iconv-lite": {
      "version": "0.6.2",
      "resolved": "https://registry.npmjs.org/iconv-lite/-/iconv-lite-0.6.2.tgz",
      "integrity": "sha512-2y91h5OpQlolefMPmUlivelittSWy0rP+oYVpn6A7GwVHNE8AWzoYOBNmlwks3LobaJxgHCYZAnyNo2GgpNRNQ==",
      "requires": {
        "safer-buffer": ">= 2.1.2 < 3.0.0"
      }
    },
    "invariant": {
      "version": "2.2.4",
      "resolved": "https://registry.npmjs.org/invariant/-/invariant-2.2.4.tgz",
      "integrity": "sha512-phJfQVBuaJM5raOpJjSfkiD6BpbCE4Ns//LaXl6wGYtUBY83nWS6Rf9tXm2e8VaK60JEjYldbPif/A2B1C2gNA==",
      "requires": {
        "loose-envify": "^1.0.0"
      }
    },
    "is-stream": {
      "version": "1.1.0",
      "resolved": "https://registry.npmjs.org/is-stream/-/is-stream-1.1.0.tgz",
      "integrity": "sha1-EtSj3U5o4Lec6428hBc66A2RykQ="
    },
    "isomorphic-fetch": {
      "version": "2.2.1",
      "resolved": "https://registry.npmjs.org/isomorphic-fetch/-/isomorphic-fetch-2.2.1.tgz",
      "integrity": "sha1-YRrhrPFPXoH3KVB0coGf6XM1WKk=",
      "requires": {
        "node-fetch": "^1.0.1",
        "whatwg-fetch": ">=0.10.0"
      }
    },
    "js-tokens": {
      "version": "4.0.0",
      "resolved": "https://registry.npmjs.org/js-tokens/-/js-tokens-4.0.0.tgz",
      "integrity": "sha512-RdJUflcE3cUzKiMqQgsCu06FPu9UdIJO0beYbPhHN4k6apgJtifcoCtT9bcxOpYBtpD2kCM6Sbzg4CausW/PKQ=="
    },
    "lodash": {
      "version": "4.17.20",
      "resolved": "https://registry.npmjs.org/lodash/-/lodash-4.17.20.tgz",
      "integrity": "sha512-PlhdFcillOINfeV7Ni6oF1TAEayyZBoZ8bcshTHqOYJYlrqzRK5hagpagky5o4HfCzzd1TRkXPMFq6cKk9rGmA=="
    },
    "loose-envify": {
      "version": "1.4.0",
      "resolved": "https://registry.npmjs.org/loose-envify/-/loose-envify-1.4.0.tgz",
      "integrity": "sha512-lyuxPGr/Wfhrlem2CL/UcnUc1zcqKAImBDzukY7Y5F/yQiNdko6+fRLevlw1HgMySw7f611UIY408EtxRSoK3Q==",
      "requires": {
        "js-tokens": "^3.0.0 || ^4.0.0"
      }
    },
    "md5-file": {
      "version": "3.2.3",
      "resolved": "https://registry.npmjs.org/md5-file/-/md5-file-3.2.3.tgz",
      "integrity": "sha512-3Tkp1piAHaworfcCgH0jKbTvj1jWWFgbvh2cXaNCgHwyTCBxxvD1Y04rmfpvdPm1P4oXMOpm6+2H7sr7v9v8Fw==",
      "requires": {
        "buffer-alloc": "^1.1.0"
      }
    },
    "moment": {
      "version": "2.29.1",
      "resolved": "https://registry.npmjs.org/moment/-/moment-2.29.1.tgz",
      "integrity": "sha512-kHmoybcPV8Sqy59DwNDY3Jefr64lK/by/da0ViFcuA4DH0vQg5Q6Ze5VimxkfQNSC+Mls/Kx53s7TjP1RhFEDQ=="
    },
    "node-fetch": {
      "version": "1.7.3",
      "resolved": "https://registry.npmjs.org/node-fetch/-/node-fetch-1.7.3.tgz",
      "integrity": "sha512-NhZ4CsKx7cYm2vSrBAr2PvFOe6sWDf0UYLRqA6svUYg7+/TSfVAu49jYC4BvQ4Sms9SZgdqGBgroqfDhJdTyKQ==",
      "requires": {
        "encoding": "^0.1.11",
        "is-stream": "^1.0.1"
      }
    },
    "object-assign": {
      "version": "4.1.1",
      "resolved": "https://registry.npmjs.org/object-assign/-/object-assign-4.1.1.tgz",
      "integrity": "sha1-IQmtx5ZYh8/AXLvUQsrIv7s2CGM="
    },
    "path-browserify": {
      "version": "1.0.1",
      "resolved": "https://registry.npmjs.org/path-browserify/-/path-browserify-1.0.1.tgz",
      "integrity": "sha512-b7uo2UCUOYZcnF/3ID0lulOJi/bafxa1xPe7ZPsammBSpjSWQkjNxlt635YGS2MiR9GjvuXCtz2emr3jbsz98g=="
    },
    "paths-js": {
      "version": "0.4.11",
      "resolved": "https://registry.npmjs.org/paths-js/-/paths-js-0.4.11.tgz",
      "integrity": "sha512-3mqcLomDBXOo7Fo+UlaenG6f71bk1ZezPQy2JCmYHy2W2k5VKpP+Jbin9H0bjXynelTbglCqdFhSEkeIkKTYUA=="
    },
    "point-in-polygon": {
      "version": "1.0.1",
      "resolved": "https://registry.npmjs.org/point-in-polygon/-/point-in-polygon-1.0.1.tgz",
      "integrity": "sha1-1Ztk6P7kHElFiqyCtWcYxZV7Kvc="
    },
    "promise": {
      "version": "7.3.1",
      "resolved": "https://registry.npmjs.org/promise/-/promise-7.3.1.tgz",
      "integrity": "sha512-nolQXZ/4L+bP/UGlkfaIujX9BKxGwmQ9OT4mOt5yvy8iK1h3wqTEJCijzGANTCCl9nWjY41juyAn2K3Q1hLLTg==",
      "requires": {
        "asap": "~2.0.3"
      }
    },
    "querystringify": {
      "version": "2.2.0",
      "resolved": "https://registry.npmjs.org/querystringify/-/querystringify-2.2.0.tgz",
      "integrity": "sha512-FIqgj2EUvTa7R50u0rGsyTftzjYmv/a3hO345bZNrqabNqjtgiDMgmo4mkUjd+nzU5oF3dClKqFIPUKybUyqoQ=="
    },
    "react-native-chart-kit": {
      "version": "6.7.0",
      "resolved": "https://registry.npmjs.org/react-native-chart-kit/-/react-native-chart-kit-6.7.0.tgz",
      "integrity": "sha512-1MF7pwnPVXTh7ohEa42NHGJoCcjLWTpXkPdv3WcV+qWFrcMR6jHigEKGR3hfMWOcVRCR+2/MY/7mX/WXcZMs1g==",
      "requires": {
        "lodash": "^4.17.13",
        "paths-js": "^0.4.10",
        "point-in-polygon": "^1.0.1"
      }
    },
    "react-native-datepicker": {
      "version": "1.7.2",
      "resolved": "https://registry.npmjs.org/react-native-datepicker/-/react-native-datepicker-1.7.2.tgz",
      "integrity": "sha1-WNCCJZGgrJsyq6CCZQIioO4pZp0=",
      "requires": {
        "moment": "^2.22.0"
      }
    },
    "react-native-unimodules": {
      "version": "0.11.0",
      "resolved": "https://registry.npmjs.org/react-native-unimodules/-/react-native-unimodules-0.11.0.tgz",
      "integrity": "sha512-iIxcr9TmgciM/lzOvak+lBkdeGKw74kbMIkr1zxKskhOwLq19kGtYl0/DQm+jcwbsEzTX83SaEPX0C0jqbfb/A==",
      "requires": {
        "@unimodules/core": "~5.5.0",
        "@unimodules/react-native-adapter": "~5.6.0",
        "chalk": "^2.4.2",
        "expo-asset": "~8.2.0",
        "expo-constants": "~9.2.0",
        "expo-file-system": "~9.2.0",
        "expo-image-loader": "~1.2.0",
        "expo-permissions": "~9.3.0",
        "unimodules-app-loader": "~1.3.0",
        "unimodules-barcode-scanner-interface": "~5.3.0",
        "unimodules-camera-interface": "~5.3.0",
        "unimodules-constants-interface": "~5.3.0",
        "unimodules-face-detector-interface": "~5.3.0",
        "unimodules-file-system-interface": "~5.3.0",
        "unimodules-font-interface": "~5.3.0",
        "unimodules-image-loader-interface": "~5.3.0",
        "unimodules-permissions-interface": "~5.3.0",
        "unimodules-sensors-interface": "~5.3.0",
        "unimodules-task-manager-interface": "~5.3.0"
      }
    },
    "requires-port": {
      "version": "1.0.0",
      "resolved": "https://registry.npmjs.org/requires-port/-/requires-port-1.0.0.tgz",
      "integrity": "sha1-kl0mAdOaxIXgkc8NpcbmlNw9yv8="
    },
    "safer-buffer": {
      "version": "2.1.2",
      "resolved": "https://registry.npmjs.org/safer-buffer/-/safer-buffer-2.1.2.tgz",
      "integrity": "sha512-YZo3K82SD7Riyi0E1EQPojLz7kpepnSQI9IyPbHHg1XXXevb5dJI7tpyN2ADxGcQbHG7vcyRHk0cbwqcQriUtg=="
    },
    "setimmediate": {
      "version": "1.0.5",
      "resolved": "https://registry.npmjs.org/setimmediate/-/setimmediate-1.0.5.tgz",
      "integrity": "sha1-KQy7Iy4waULX1+qbg3Mqt4VvgoU="
    },
    "supports-color": {
      "version": "5.5.0",
      "resolved": "https://registry.npmjs.org/supports-color/-/supports-color-5.5.0.tgz",
      "integrity": "sha512-QjVjwdXIt408MIiAqCX4oUKsgU2EqAGzs2Ppkm4aQYbjm+ZEWEcW4SfFNTr4uMNZma0ey4f5lgLrkB0aX0QMow==",
      "requires": {
        "has-flag": "^3.0.0"
      }
    },
    "ua-parser-js": {
      "version": "0.7.22",
      "resolved": "https://registry.npmjs.org/ua-parser-js/-/ua-parser-js-0.7.22.tgz",
      "integrity": "sha512-YUxzMjJ5T71w6a8WWVcMGM6YWOTX27rCoIQgLXiWaxqXSx9D7DNjiGWn1aJIRSQ5qr0xuhra77bSIh6voR/46Q=="
    },
    "unimodules-app-loader": {
      "version": "1.3.0",
      "resolved": "https://registry.npmjs.org/unimodules-app-loader/-/unimodules-app-loader-1.3.0.tgz",
      "integrity": "sha512-PAQcbm0KVuqj9M5Vryo8rEJXe1VGWy7yWFUmjpdfvbhWO1JeDZUNiVXdP9M4NfISJfWcVcZ2Rfdfpqiubaz8rQ=="
    },
    "unimodules-barcode-scanner-interface": {
      "version": "5.3.0",
      "resolved": "https://registry.npmjs.org/unimodules-barcode-scanner-interface/-/unimodules-barcode-scanner-interface-5.3.0.tgz",
      "integrity": "sha512-nxWbLXv3JpkGS9I9REcEPk4vQNAbbLnstn1JVHs9agKP0IrNPQVmgqk1RWRdU6DM5QwaB+lb3jWVFVwHrI/NmA=="
    },
    "unimodules-camera-interface": {
      "version": "5.3.0",
      "resolved": "https://registry.npmjs.org/unimodules-camera-interface/-/unimodules-camera-interface-5.3.0.tgz",
      "integrity": "sha512-rDzGUdAP9gfs1sgBmFRh1z2tkrwL0nVfEH81DAMir1216ZcmL7oYvLWUjQn9CAzUKhj5R6/G8D7/TrgY5qERBQ=="
    },
    "unimodules-constants-interface": {
      "version": "5.3.0",
      "resolved": "https://registry.npmjs.org/unimodules-constants-interface/-/unimodules-constants-interface-5.3.0.tgz",
      "integrity": "sha512-zE/iMu72Yo4fnVIpcsdfJowhXk08n7XBj1Mg5MC9G+SSkBqcIIk5xpm0H7/FqUfWmOVTeNEcoWYkBE/vu0p3mQ=="
    },
    "unimodules-face-detector-interface": {
      "version": "5.3.0",
      "resolved": "https://registry.npmjs.org/unimodules-face-detector-interface/-/unimodules-face-detector-interface-5.3.0.tgz",
      "integrity": "sha512-CL0FgDXDjFRBe8nlnVRwqpbYmY/d/86nSQU+s36Cc6Vkm8PWxJAooTImhEqBlVI4ldhkBIvPBiJcTgrv7kbaWg=="
    },
    "unimodules-file-system-interface": {
      "version": "5.3.0",
      "resolved": "https://registry.npmjs.org/unimodules-file-system-interface/-/unimodules-file-system-interface-5.3.0.tgz",
      "integrity": "sha512-mi4oWzO6/BDnu26HZ8FtGnBqfaoDUP1TL0ouHL0Pgv5QpXD/to2WrO7I01Z3TRjh50Um5C9gcLpt/rDyTurzag=="
    },
    "unimodules-font-interface": {
      "version": "5.3.0",
      "resolved": "https://registry.npmjs.org/unimodules-font-interface/-/unimodules-font-interface-5.3.0.tgz",
      "integrity": "sha512-HgxeJ5t/MBOxbAMWW7mfr4XHp+8TFH+eh7iUceIdCWF0rldNq8V+r8vkq1/SaD6EMZ1F4HY0WjDpVA3mOpJfwQ=="
    },
    "unimodules-image-loader-interface": {
      "version": "5.3.0",
      "resolved": "https://registry.npmjs.org/unimodules-image-loader-interface/-/unimodules-image-loader-interface-5.3.0.tgz",
      "integrity": "sha512-xVunpdS2ZMhAL5FQWNspUaKar0lXIBcE9PEDlX+eTN7Q1MampkVbx+gauCv1YQaFHPqJ9KtqodgpAvMlnMhgqw=="
    },
    "unimodules-permissions-interface": {
      "version": "5.3.0",
      "resolved": "https://registry.npmjs.org/unimodules-permissions-interface/-/unimodules-permissions-interface-5.3.0.tgz",
      "integrity": "sha512-DxgzzRp/3JzIyKYsfQpuWuesl4EYEx6nRZRMk6pWudfsvYu51RKOv5jwY4KskpW7sDGo6xHmiwQ6KCJu9UMQBA=="
    },
    "unimodules-sensors-interface": {
      "version": "5.3.0",
      "resolved": "https://registry.npmjs.org/unimodules-sensors-interface/-/unimodules-sensors-interface-5.3.0.tgz",
      "integrity": "sha512-WtqOED3/bmm+AMXu1xl4TVh1W40uaZSGSlxCZMNLSOkT1Rp38Ci1T2sL+izTq3dJ5kMdl0DsZJ5VtA+CqaKtXg=="
    },
    "unimodules-task-manager-interface": {
      "version": "5.3.0",
      "resolved": "https://registry.npmjs.org/unimodules-task-manager-interface/-/unimodules-task-manager-interface-5.3.0.tgz",
      "integrity": "sha512-Q0mRH9a34eLA1xBVjy54Pkl3KmQAEoc4mrhsaIdAyJvJCDsT+UINBlRi5i8EHA8QY4jTd+fv9nHkHnDHQiWjtA=="
    },
    "url-parse": {
      "version": "1.4.7",
      "resolved": "https://registry.npmjs.org/url-parse/-/url-parse-1.4.7.tgz",
      "integrity": "sha512-d3uaVyzDB9tQoSXFvuSUNFibTd9zxd2bkVrDRvF5TmvWWQwqE4lgYJ5m+x1DbecWkw+LK4RNl2CU1hHuOKPVlg==",
      "requires": {
        "querystringify": "^2.1.1",
        "requires-port": "^1.0.0"
      }
    },
    "uuid": {
      "version": "3.4.0",
      "resolved": "https://registry.npmjs.org/uuid/-/uuid-3.4.0.tgz",
      "integrity": "sha512-HjSDRw6gZE5JMggctHBcjVak08+KEVhSIiDzFnT9S9aegmp85S/bReBVTb4QTFaRNptJ9kuYaNhnbNEOkbKb/A=="
    },
    "whatwg-fetch": {
      "version": "3.5.0",
      "resolved": "https://registry.npmjs.org/whatwg-fetch/-/whatwg-fetch-3.5.0.tgz",
      "integrity": "sha512-jXkLtsR42xhXg7akoDKvKWE40eJeI+2KZqcp2h3NsOrRnDvtWX36KcKl30dy+hxECivdk2BVUHVNrPtoMBUx6A=="
    }
  }
}
